<Solution>
  <Folder Name="/src/">
    <Project Path="src/CellBridge.AspNetCore/CellBridge.AspNetCore.csproj" />
    <Project Path="src/CellBridge.Storage.Abstractions/CellBridge.Storage.Abstractions.csproj" />
    <Project Path="src/CellBridge.Storage.InMemory/CellBridge.Storage.InMemory.csproj" />
    <Project Path="src/CellBridge.Storage.PostgreSql/CellBridge.Storage.PostgreSql.csproj" />
    <Project Path="src/CellBridge.Storage.Conformance/CellBridge.Storage.Conformance.csproj" />
    <Project Path="src/CellBridge.Storage.FileSystem/CellBridge.Storage.FileSystem.csproj" />
    <Project Path="src/CellBridge.FssHttp/CellBridge.FssHttp.csproj" />
    <Project Path="src/CellBridge.FssHttpB/CellBridge.FssHttpB.csproj" />
    <Project Path="src/CellBridge.ServiceDefaults/CellBridge.ServiceDefaults.csproj" />
    <Project Path="src/CellBridge.Storage/CellBridge.Storage.csproj" />
    <Project Path="src/CellBridge.Web/CellBridge.Web.csproj" />
  </Folder>
  <Folder Name="/tests/">
    <Project Path="tests/CellBridge.Storage.Tests/CellBridge.Storage.Tests.csproj" />
    <Project Path="tests/CellBridge.FssHttp.Tests/CellBridge.FssHttp.Tests.csproj" />
    <Project Path="tests/CellBridge.FssHttpB.Tests/CellBridge.FssHttpB.Tests.csproj" />
    <Project Path="tests/CellBridge.Interop.Tests/CellBridge.Interop.Tests.csproj" />
    <Project Path="tests/OfficeInspectors.Adapter/OfficeInspectors.Adapter.csproj" />
  </Folder>
  <Folder Name="/tools/">
    <Project Path="tools/CellBridge.Storage.Benchmark/CellBridge.Storage.Benchmark.csproj" />
    <Project Path="tools/CellBridge.Storage.Migrate/CellBridge.Storage.Migrate.csproj" />
    <Project Path="tools/CellBridge.Storage.ProcessProbe/CellBridge.Storage.ProcessProbe.csproj" />
  </Folder>
</Solution>
